
Microsoft Visual Studio Solution File, Format Version 12.00
# Visual Studio 15
VisualStudioVersion = 15.0.26730.10
MinimumVisualStudioVersion = 10.0.40219.1
Project("{FAE04EC0-301F-11D3-BF4B-00C04F79EFBC}") = "WinServiceApp", "WinServiceApp\WinServiceApp.csproj", "{60DBC61B-B82F-43C1-851F-95426D8522AB}"
EndProject
Global
	GlobalSection(SolutionConfigurationPlatforms) = preSolution
		Debug|Any CPU = Debug|Any CPU
		Release|Any CPU = Release|Any CPU
	EndGlobalSection
	GlobalSection(ProjectConfigurationPlatforms) = postSolution
		{60DBC61B-B82F-43C1-851F-95426D8522AB}.Debug|Any CPU.ActiveCfg = Debug|Any CPU
		{60DBC61B-B82F-43C1-851F-95426D8522AB}.Debug|Any CPU.Build.0 = Debug|Any CPU
		{60DBC61B-B82F-43C1-851F-95426D8522AB}.Release|Any CPU.ActiveCfg = Release|Any CPU
		{60DBC61B-B82F-43C1-851F-95426D8522AB}.Release|Any CPU.Build.0 = Release|Any CPU
	EndGlobalSection
	GlobalSection(SolutionProperties) = preSolution
		HideSolutionNode = FALSE
	EndGlobalSection
	GlobalSection(ExtensibilityGlobals) = postSolution
		SolutionGuid = {A5A46926-D330-478A-BA44-B6F590F2230A}
	EndGlobalSection
EndGlobal
